{
  "version": 4,
  "terraform_version": "1.5.4",
  "serial": 39,
  "lineage": "7c719ef0-538a-a871-2ed3-a66d9b67dd14",
  "outputs": {},
  "resources": [
    {
      "mode": "data",
      "type": "google_container_engine_versions",
      "name": "gke_version",
      "provider": "provider[\"registry.terraform.io/hashicorp/google\"]",
      "instances": [
        {
          "schema_version": 0,
          "attributes": {
            "default_cluster_version": "1.27.3-gke.100",
            "id": "2023-08-09 12:14:28.664578 +0000 UTC",
            "latest_master_version": "1.27.4-gke.900",
            "latest_node_version": "1.27.4-gke.900",
            "location": "europe-west3",
            "project": null,
            "release_channel_default_version": {
              "RAPID": "1.27.3-gke.1700",
              "REGULAR": "1.27.3-gke.100",
              "STABLE": "1.27.3-gke.100"
            },
            "release_channel_latest_version": {
              "RAPID": "1.27.4-gke.900",
              "REGULAR": "1.27.3-gke.1700",
              "STABLE": "1.27.3-gke.1700"
            },
            "valid_master_versions": [
              "1.27.4-gke.900",
              "1.27.3-gke.1700",
              "1.27.3-gke.100",
              "1.27.2-gke.2100",
              "1.27.2-gke.1200"
            ],
            "valid_node_versions": [
              "1.27.4-gke.900",
              "1.27.3-gke.1700",
              "1.27.3-gke.100",
              "1.27.2-gke.2100",
              "1.27.2-gke.1200"
            ],
            "version_prefix": "1.27."
          },
          "sensitive_attributes": []
        }
      ]
    },
    {
      "mode": "managed",
      "type": "google_compute_network",
      "name": "vpc",
      "provider": "provider[\"registry.terraform.io/hashicorp/google\"]",
      "instances": [
        {
          "schema_version": 0,
          "attributes": {
            "auto_create_subnetworks": false,
            "delete_default_routes_on_create": false,
            "description": "",
            "enable_ula_internal_ipv6": false,
            "gateway_ipv4": "",
            "id": "projects/firstccprojecttry/global/networks/firstccprojecttry-vpc",
            "internal_ipv6_range": "",
            "mtu": 0,
            "name": "firstccprojecttry-vpc",
            "network_firewall_policy_enforcement_order": "AFTER_CLASSIC_FIREWALL",
            "project": "firstccprojecttry",
            "routing_mode": "REGIONAL",
            "self_link": "https://www.googleapis.com/compute/v1/projects/firstccprojecttry/global/networks/firstccprojecttry-vpc",
            "timeouts": null
          },
          "sensitive_attributes": [],
          "private": "eyJlMmJmYjczMC1lY2FhLTExZTYtOGY4OC0zNDM2M2JjN2M0YzAiOnsiY3JlYXRlIjoxMjAwMDAwMDAwMDAwLCJkZWxldGUiOjEyMDAwMDAwMDAwMDAsInVwZGF0ZSI6MTIwMDAwMDAwMDAwMH19"
        }
      ]
    },
    {
      "mode": "managed",
      "type": "google_compute_subnetwork",
      "name": "subnet",
      "provider": "provider[\"registry.terraform.io/hashicorp/google\"]",
      "instances": [
        {
          "schema_version": 0,
          "attributes": {
            "creation_timestamp": "2023-08-09T05:14:34.070-07:00",
            "description": "",
            "external_ipv6_prefix": "",
            "fingerprint": null,
            "gateway_address": "10.10.0.1",
            "id": "projects/firstccprojecttry/regions/europe-west3/subnetworks/firstccprojecttry-subnet",
            "ip_cidr_range": "10.10.0.0/24",
            "ipv6_access_type": "",
            "ipv6_cidr_range": "",
            "log_config": [],
            "name": "firstccprojecttry-subnet",
            "network": "https://www.googleapis.com/compute/v1/projects/firstccprojecttry/global/networks/firstccprojecttry-vpc",
            "private_ip_google_access": false,
            "private_ipv6_google_access": "DISABLE_GOOGLE_ACCESS",
            "project": "firstccprojecttry",
            "purpose": "PRIVATE",
            "region": "europe-west3",
            "role": "",
            "secondary_ip_range": [],
            "self_link": "https://www.googleapis.com/compute/v1/projects/firstccprojecttry/regions/europe-west3/subnetworks/firstccprojecttry-subnet",
            "stack_type": "IPV4_ONLY",
            "timeouts": null
          },
          "sensitive_attributes": [],
          "private": "eyJlMmJmYjczMC1lY2FhLTExZTYtOGY4OC0zNDM2M2JjN2M0YzAiOnsiY3JlYXRlIjoxMjAwMDAwMDAwMDAwLCJkZWxldGUiOjEyMDAwMDAwMDAwMDAsInVwZGF0ZSI6MTIwMDAwMDAwMDAwMH19",
          "dependencies": [
            "google_compute_network.vpc"
          ]
        }
      ]
    },
    {
      "mode": "managed",
      "type": "google_container_node_pool",
      "name": "gke_node_pool",
      "provider": "provider[\"registry.terraform.io/hashicorp/google\"]",
      "instances": []
    },
    {
      "mode": "managed",
      "type": "google_sql_database_instance",
      "name": "cloud_sql_instance",
      "provider": "provider[\"registry.terraform.io/hashicorp/google\"]",
      "instances": [
        {
          "schema_version": 0,
          "attributes": {
            "available_maintenance_versions": [],
            "clone": [],
            "connection_name": "firstccprojecttry:europe-west3:firstproject-cloud-sql-instance",
            "database_version": "MYSQL_5_7",
            "deletion_protection": true,
            "encryption_key_name": null,
            "first_ip_address": "34.89.222.119",
            "id": "firstproject-cloud-sql-instance",
            "instance_type": "CLOUD_SQL_INSTANCE",
            "ip_address": [
              {
                "ip_address": "34.89.222.119",
                "time_to_retire": "",
                "type": "PRIMARY"
              },
              {
                "ip_address": "10.107.176.3",
                "time_to_retire": "",
                "type": "PRIVATE"
              }
            ],
            "maintenance_version": "MYSQL_5_7_42.R20230530.03_11",
            "master_instance_name": "",
            "name": "firstproject-cloud-sql-instance",
            "private_ip_address": "10.107.176.3",
            "project": "firstccprojecttry",
            "public_ip_address": "34.89.222.119",
            "region": "europe-west3",
            "replica_configuration": [],
            "restore_backup_context": [],
            "root_password": null,
            "self_link": "https://sqladmin.googleapis.com/sql/v1beta4/projects/firstccprojecttry/instances/firstproject-cloud-sql-instance",
            "server_ca_cert": [
              {
                "cert": "-----BEGIN CERTIFICATE-----\nMIIDfzCCAmegAwIBAgIBADANBgkqhkiG9w0BAQsFADB3MS0wKwYDVQQuEyQ2OGU5\nMjQ2YS03MWI0LTQ3ZDAtOGNiNy1mZjQ3MDljMzk0N2QxIzAhBgNVBAMTGkdvb2ds\nZSBDbG91ZCBTUUwgU2VydmVyIENBMRQwEgYDVQQKEwtHb29nbGUsIEluYzELMAkG\nA1UEBhMCVVMwHhcNMjMwODA4MTE0NTU0WhcNMzMwODA1MTE0NjU0WjB3MS0wKwYD\nVQQuEyQ2OGU5MjQ2YS03MWI0LTQ3ZDAtOGNiNy1mZjQ3MDljMzk0N2QxIzAhBgNV\nBAMTGkdvb2dsZSBDbG91ZCBTUUwgU2VydmVyIENBMRQwEgYDVQQKEwtHb29nbGUs\nIEluYzELMAkGA1UEBhMCVVMwggEiMA0GCSqGSIb3DQEBAQUAA4IBDwAwggEKAoIB\nAQCPfRqwU19uKaUgGgErnX7+aM6/YiqAlqDN8Y0cLDdq0yws3Ngr9ANl+C/A4O2X\ndCPzewqjzsX1QQXFb0MrzzktwI7qkfDAzKG31hbtNT3U9OGXDtAsysbdSYUDuGta\ndPXEanxXtVKaxQ09iJJ1wavgXJ0qpmMIpshmXpFAW7sED0foBHb4DO0/OH+t+w8n\n7CqfvrejeEcsp6WE+7IhON4dz05a1NLmb7y+pkOFRTeEkD0oteim7y2RL+2tKSbo\n/HI3V2YOVdhXSc1LX8N4K5Yfurppg+IcLJilY5oT1UPjHKIvkw3izrlzeHnEVQZE\n3XY9qdUAUI/y+udk1Uwsa6QjAgMBAAGjFjAUMBIGA1UdEwEB/wQIMAYBAf8CAQAw\nDQYJKoZIhvcNAQELBQADggEBAHOualsLrFLdIeLlAl5n6kdjn3H+0gNKMGS4RoUe\nFjx56BQhYkGVD+b5JFYiQHmj8yMwPpv/YG2mwKaFcQDffXzK+95f+2W4jBhJpUhp\n2DrAAZhliJAKamRjohyOO+tPs210FC2FlcpbTOM3/R3L6FZQXx8C4aKw0TiTFGtO\nrWmwy1aotP56bwu9Hl7vkzFM7oberVvvqwW0nhM2ZiWreZD6L0j3xu5BGsuuhdpE\nkpMmYFDXk6kB0AqlmAPfpp3iYBVXNavDOGDN6HxMeZKnQ3k2/5zX80HhklyMOnFI\n2ib2zcaEKiQl89A8ZFsYTf9e/LRiNBN3iJwtY8MAS5bGkX0=\n-----END CERTIFICATE-----",
                "common_name": "C=US,O=Google\\, Inc,CN=Google Cloud SQL Server CA,dnQualifier=68e9246a-71b4-47d0-8cb7-ff4709c3947d",
                "create_time": "2023-08-08T11:45:54.344Z",
                "expiration_time": "2033-08-05T11:46:54.344Z",
                "sha1_fingerprint": "1d3e0ef4f50bd11442f65d3fce484b832a7d43c0"
              }
            ],
            "service_account_email_address": "p327478175842-795q7t@gcp-sa-cloud-sql.iam.gserviceaccount.com",
            "settings": [
              {
                "activation_policy": "ALWAYS",
                "active_directory_config": [],
                "advanced_machine_features": [],
                "availability_type": "ZONAL",
                "backup_configuration": [
                  {
                    "backup_retention_settings": [
                      {
                        "retained_backups": 7,
                        "retention_unit": "COUNT"
                      }
                    ],
                    "binary_log_enabled": false,
                    "enabled": true,
                    "location": "",
                    "point_in_time_recovery_enabled": false,
                    "start_time": "09:00",
                    "transaction_log_retention_days": 7
                  }
                ],
                "collation": "",
                "connector_enforcement": "NOT_REQUIRED",
                "data_cache_config": [],
                "database_flags": [],
                "deletion_protection_enabled": false,
                "deny_maintenance_period": [],
                "disk_autoresize": true,
                "disk_autoresize_limit": 0,
                "disk_size": 10,
                "disk_type": "PD_SSD",
                "edition": "",
                "insights_config": [],
                "ip_configuration": [
                  {
                    "allocated_ip_range": "",
                    "authorized_networks": [],
                    "enable_private_path_for_google_cloud_services": false,
                    "ipv4_enabled": true,
                    "private_network": "projects/firstccprojecttry/global/networks/firstccprojecttry-vpc",
                    "require_ssl": false
                  }
                ],
                "location_preference": [
                  {
                    "follow_gae_application": "",
                    "secondary_zone": "",
                    "zone": "europe-west3-a"
                  }
                ],
                "maintenance_window": [],
                "password_validation_policy": [],
                "pricing_plan": "PER_USE",
                "sql_server_audit_config": [],
                "tier": "db-f1-micro",
                "time_zone": "",
                "user_labels": {},
                "version": 3
              }
            ],
            "timeouts": null
          },
          "sensitive_attributes": [],
          "private": "eyJlMmJmYjczMC1lY2FhLTExZTYtOGY4OC0zNDM2M2JjN2M0YzAiOnsiY3JlYXRlIjoyNDAwMDAwMDAwMDAwLCJkZWxldGUiOjE4MDAwMDAwMDAwMDAsInVwZGF0ZSI6MTgwMDAwMDAwMDAwMH19",
          "dependencies": [
            "google_compute_network.vpc"
          ]
        }
      ]
    }
  ],
  "check_results": null
}
